// !$*UTF8*$!
{
	archiveVersion = 1;
	classes = {
	};
	objectVersion = 50;
	objects = {

/* Begin PBXBuildFile section */
		DE38FABA25C4D83600CD8C0E /* AppDelegate.swift in Sources */ = {isa = PBXBuildFile; fileRef = DE38FAB925C4D83600CD8C0E /* AppDelegate.swift */; };
		DE38FABC25C4D83600CD8C0E /* SceneDelegate.swift in Sources */ = {isa = PBXBuildFile; fileRef = DE38FABB25C4D83600CD8C0E /* SceneDelegate.swift */; };
		DE38FABE25C4D83600CD8C0E /* ContentView.swift in Sources */ = {isa = PBXBuildFile; fileRef = DE38FABD25C4D83600CD8C0E /* ContentView.swift */; };
		DE38FAC025C4D83600CD8C0E /* Assets.xcassets in Resources */ = {isa = PBXBuildFile; fileRef = DE38FABF25C4D83600CD8C0E /* Assets.xcassets */; };
		DE38FAC325C4D83600CD8C0E /* Preview Assets.xcassets in Resources */ = {isa = PBXBuildFile; fileRef = DE38FAC225C4D83600CD8C0E /* Preview Assets.xcassets */; };
		DE38FAC625C4D83600CD8C0E /* LaunchScreen.storyboard in Resources */ = {isa = PBXBuildFile; fileRef = DE38FAC425C4D83600CD8C0E /* LaunchScreen.storyboard */; };
/* End PBXBuildFile section */

/* Begin PBXFileReference section */
		DE38FAB625C4D83600CD8C0E /* SwiftUIAD.app */ = {isa = PBXFileReference; explicitFileType = wrapper.application; includeInIndex = 0; path = SwiftUIAD.app; sourceTree = BUILT_PRODUCTS_DIR; };
		DE38FAB925C4D83600CD8C0E /* AppDelegate.swift */ = {isa = PBXFileReference; lastKnownFileType = sourcecode.swift; path = AppDelegate.swift; sourceTree = "<group>"; };
		DE38FABB25C4D83600CD8C0E /* SceneDelegate.swift */ = {isa = PBXFileReference; lastKnownFileType = sourcecode.swift; path = SceneDelegate.swift; sourceTree = "<group>"; };
		DE38FABD25C4D83600CD8C0E /* ContentView.swift */ = {isa = PBXFileReference; lastKnownFileType = sourcecode.swift; path = ContentView.swift; sourceTree = "<group>"; };
		DE38FABF25C4D83600CD8C0E /* Assets.xcassets */ = {isa = PBXFileReference; lastKnownFileType = folder.assetcatalog; path = Assets.xcassets; sourceTree = "<group>"; };
		DE38FAC225C4D83600CD8C0E /* Preview Assets.xcassets */ = {isa = PBXFileReference; lastKnownFileType = folder.assetcatalog; path = "Preview Assets.xcassets"; sourceTree = "<group>"; };
		DE38FAC525C4D83600CD8C0E /* Base */ = {isa = PBXFileReference; lastKnownFileType = file.storyboard; name = Base; path = Base.lproj/LaunchScreen.storyboard; sourceTree = "<group>"; };
		DE38FAC725C4D83600CD8C0E /* Info.plist */ = {isa = PBXFileReference; lastKnownFileType = text.plist.xml; path = Info.plist; sourceTree = "<group>"; };
/* End PBXFileReference section */

/* Begin PBXFrameworksBuildPhase section */
		DE38FAB325C4D83600CD8C0E /* Frameworks */ = {
			isa = PBXFrameworksBuildPhase;
			buildActionMask = 2147483647;
			files = (
			);
			runOnlyForDeploymentPostprocessing = 0;
		};
/* End PBXFrameworksBuildPhase section */

/* Begin PBXGroup section */
		DE38FAAD25C4D83600CD8C0E = {
			isa = PBXGroup;
			children = (
				DE38FAB825C4D83600CD8C0E /* SwiftUIAD */,
				DE38FAB725C4D83600CD8C0E /* Products */,
			);
			sourceTree = "<group>";
		};
		DE38FAB725C4D83600CD8C0E /* Products */ = {
			isa = PBXGroup;
			children = (
				DE38FAB625C4D83600CD8C0E /* SwiftUIAD.app */,
			);
			name = Products;
			sourceTree = "<group>";
		};
		DE38FAB825C4D83600CD8C0E /* SwiftUIAD */ = {
			isa = PBXGroup;
			children = (
				DE38FAB925C4D83600CD8C0E /* AppDelegate.swift */,
				DE38FABB25C4D83600CD8C0E /* SceneDelegate.swift */,
				DE38FABD25C4D83600CD8C0E /* ContentView.swift */,
				DE38FABF25C4D83600CD8C0E /* Assets.xcassets */,
				DE38FAC425C4D83600CD8C0E /* LaunchScreen.storyboard */,
				DE38FAC725C4D83600CD8C0E /* Info.plist */,
				DE38FAC125C4D83600CD8C0E /* Preview Content */,
			);
			path = SwiftUIAD;
			sourceTree = "<group>";
		};
		DE38FAC125C4D83600CD8C0E /* Preview Content */ = {
			isa = PBXGroup;
			children = (
				DE38FAC225C4D83600CD8C0E /* Preview Assets.xcassets */,
			);
			path = "Preview Content";
			sourceTree = "<group>";
		};
/* End PBXGroup section */

/* Begin PBXNativeTarget section */
		DE38FAB525C4D83600CD8C0E /* SwiftUIAD */ = {
			isa = PBXNativeTarget;
			buildConfigurationList = DE38FACA25C4D83600CD8C0E /* Build configuration list for PBXNativeTarget "SwiftUIAD" */;
			buildPhases = (
				DE38FAB225C4D83600CD8C0E /* Sources */,
				DE38FAB325C4D83600CD8C0E /* Frameworks */,
				DE38FAB425C4D83600CD8C0E /* Resources */,
			);
			buildRules = (
			);
			dependencies = (
			);
			name = SwiftUIAD;
			productName = SwiftUIAD;
			productReference = DE38FAB625C4D83600CD8C0E /* SwiftUIAD.app */;
			productType = "com.apple.product-type.application";
		};
/* End PBXNativeTarget section */

/* Begin PBXProject section */
		DE38FAAE25C4D83600CD8C0E /* Project object */ = {
			isa = PBXProject;
			attributes = {
				LastSwiftUpdateCheck = 1230;
				LastUpgradeCheck = 1230;
				TargetAttributes = {
					DE38FAB525C4D83600CD8C0E = {
						CreatedOnToolsVersion = 12.3;
					};
				};
			};
			buildConfigurationList = DE38FAB125C4D83600CD8C0E /* Build configuration list for PBXProject "SwiftUIAD" */;
			compatibilityVersion = "Xcode 9.3";
			developmentRegion = en;
			hasScannedForEncodings = 0;
			knownRegions = (
				en,
				Base,
			);
			mainGroup = DE38FAAD25C4D83600CD8C0E;
			productRefGroup = DE38FAB725C4D83600CD8C0E /* Products */;
			projectDirPath = "";
			projectRoot = "";
			targets = (
				DE38FAB525C4D83600CD8C0E /* SwiftUIAD */,
			);
		};
/* End PBXProject section */

/* Begin PBXResourcesBuildPhase section */
		DE38FAB425C4D83600CD8C0E /* Resources */ = {
			isa = PBXResourcesBuildPhase;
			buildActionMask = 2147483647;
			files = (
				DE38FAC625C4D83600CD8C0E /* LaunchScreen.storyboard in Resources */,
				DE38FAC325C4D83600CD8C0E /* Preview Assets.xcassets in Resources */,
				DE38FAC025C4D83600CD8C0E /* Assets.xcassets in Resources */,
			);
			runOnlyForDeploymentPostprocessing = 0;
		};
/* End PBXResourcesBuildPhase section */

/* Begin PBXSourcesBuildPhase section */
		DE38FAB225C4D83600CD8C0E /* Sources */ = {
			isa = PBXSourcesBuildPhase;
			buildActionMask = 2147483647;
			files = (
				DE38FABA25C4D83600CD8C0E /* AppDelegate.swift in Sources */,
				DE38FABC25C4D83600CD8C0E /* SceneDelegate.swift in Sources */,
				DE38FABE25C4D83600CD8C0E /* ContentView.swift in Sources */,
			);
			runOnlyForDeploymentPostprocessing = 0;
		};
/* End PBXSourcesBuildPhase section */

/* Begin PBXVariantGroup section */
		DE38FAC425C4D83600CD8C0E /* LaunchScreen.storyboard */ = {
			isa = PBXVariantGroup;
			children = (
				DE38FAC525C4D83600CD8C0E /* Base */,
			);
			name = LaunchScreen.storyboard;
			sourceTree = "<group>";
		};
/* End PBXVariantGroup section */

/* Begin XCBuildConfiguration section */
		DE38FAC825C4D83600CD8C0E /* Debug */ = {
			isa = XCBuildConfiguration;
			buildSettings = {
				ALWAYS_SEARCH_USER_PATHS = NO;
				CLANG_ANALYZER_NONNULL = YES;
				CLANG_ANALYZER_NUMBER_OBJECT_CONVERSION = YES_AGGRESSIVE;
				CLANG_CXX_LANGUAGE_STANDARD = "gnu++14";
				CLANG_CXX_LIBRARY = "libc++";
				CLANG_ENABLE_MODULES = YES;
				CLANG_ENABLE_OBJC_ARC = YES;
				CLANG_ENABLE_OBJC_WEAK = YES;
				CLANG_WARN_BLOCK_CAPTURE_AUTORELEASING = YES;
				CLANG_WARN_BOOL_CONVERSION = YES;
				CLANG_WARN_COMMA = YES;
				CLANG_WARN_CONSTANT_CONVERSION = YES;
				CLANG_WARN_DEPRECATED_OBJC_IMPLEMENTATIONS = YES;
				CLANG_WARN_DIRECT_OBJC_ISA_USAGE = YES_ERROR;
				CLANG_WARN_DOCUMENTATION_COMMENTS = YES;
				CLANG_WARN_EMPTY_BODY = YES;
				CLANG_WARN_ENUM_CONVERSION = YES;
				CLANG_WARN_INFINITE_RECURSION = YES;
				CLANG_WARN_INT_CONVERSION = YES;
				CLANG_WARN_NON_LITERAL_NULL_CONVERSION = YES;
				CLANG_WARN_OBJC_IMPLICIT_RETAIN_SELF = YES;
				CLANG_WARN_OBJC_LITERAL_CONVERSION = YES;
				CLANG_WARN_OBJC_ROOT_CLASS = YES_ERROR;
				CLANG_WARN_QUOTED_INCLUDE_IN_FRAMEWORK_HEADER = YES;
				CLANG_WARN_RANGE_LOOP_ANALYSIS = YES;
				CLANG_WARN_STRICT_PROTOTYPES = YES;
				CLANG_WARN_SUSPICIOUS_MOVE = YES;
				CLANG_WARN_UNGUARDED_AVAILABILITY = YES_AGGRESSIVE;
				CLANG_WARN_UNREACHABLE_CODE = YES;
				CLANG_WARN__DUPLICATE_METHOD_MATCH = YES;
				COPY_PHASE_STRIP = NO;
				DEBUG_INFORMATION_FORMAT = dwarf;
				ENABLE_STRICT_OBJC_MSGSEND = YES;
				ENABLE_TESTABILITY = YES;
				GCC_C_LANGUAGE_STANDARD = gnu11;
				GCC_DYNAMIC_NO_PIC = NO;
				GCC_NO_COMMON_BLOCKS = YES;
				GCC_OPTIMIZATION_LEVEL = 0;
				GCC_PREPROCESSOR_DEFINITIONS = (
					"DEBUG=1",
					"$(inherited)",
				);
				GCC_WARN_64_TO_32_BIT_CONVERSION = YES;
				GCC_WARN_ABOUT_RETURN_TYPE = YES_ERROR;
				GCC_WARN_UNDECLARED_SELECTOR = YES;
				GCC_WARN_UNINITIALIZED_AUTOS = YES_AGGRESSIVE;
				GCC_WARN_UNUSED_FUNCTION = YES;
				GCC_WARN_UNUSED_VARIABLE = YES;
				IPHONEOS_DEPLOYMENT_TARGET = 14.3;
				MTL_ENABLE_DEBUG_INFO = INCLUDE_SOURCE;
				MTL_FAST_MATH = YES;
				ONLY_ACTIVE_ARCH = YES;
				SDKROOT = iphoneos;
				SWIFT_ACTIVE_COMPILATION_CONDITIONS = DEBUG;
				SWIFT_OPTIMIZATION_LEVEL = "-Onone";
			};
			name = Debug;
		};
		DE38FAC925C4D83600CD8C0E /* Release */ = {
			isa = XCBuildConfiguration;
			buildSettings = {
				ALWAYS_SEARCH_USER_PATHS = NO;
				CLANG_ANALYZER_NONNULL = YES;
				CLANG_ANALYZER_NUMBER_OBJECT_CONVERSION = YES_AGGRESSIVE;
				CLANG_CXX_LANGUAGE_STANDARD = "gnu++14";
				CLANG_CXX_LIBRARY = "libc++";
				CLANG_ENABLE_MODULES = YES;
				CLANG_ENABLE_OBJC_ARC = YES;
				CLANG_ENABLE_OBJC_WEAK = YES;
				CLANG_WARN_BLOCK_CAPTURE_AUTORELEASING = YES;
				CLANG_WARN_BOOL_CONVERSION = YES;
				CLANG_WARN_COMMA = YES;
				CLANG_WARN_CONSTANT_CONVERSION = YES;
				CLANG_WARN_DEPRECATED_OBJC_IMPLEMENTATIONS = YES;
				CLANG_WARN_DIRECT_OBJC_ISA_USAGE = YES_ERROR;
				CLANG_WARN_DOCUMENTATION_COMMENTS = YES;
				CLANG_WARN_EMPTY_BODY = YES;
				CLANG_WARN_ENUM_CONVERSION = YES;
				CLANG_WARN_INFINITE_RECURSION = YES;
				CLANG_WARN_INT_CONVERSION = YES;
				CLANG_WARN_NON_LITERAL_NULL_CONVERSION = YES;
				CLANG_WARN_OBJC_IMPLICIT_RETAIN_SELF = YES;
				CLANG_WARN_OBJC_LITERAL_CONVERSION = YES;
				CLANG_WARN_OBJC_ROOT_CLASS = YES_ERROR;
				CLANG_WARN_QUOTED_INCLUDE_IN_FRAMEWORK_HEADER = YES;
				CLANG_WARN_RANGE_LOOP_ANALYSIS = YES;
				CLANG_WARN_STRICT_PROTOTYPES = YES;
				CLANG_WARN_SUSPICIOUS_MOVE = YES;
				CLANG_WARN_UNGUARDED_AVAILABILITY = YES_AGGRESSIVE;
				CLANG_WARN_UNREACHABLE_CODE = YES;
				CLANG_WARN__DUPLICATE_METHOD_MATCH = YES;
				COPY_PHASE_STRIP = NO;
				DEBUG_INFORMATION_FORMAT = "dwarf-with-dsym";
				ENABLE_NS_ASSERTIONS = NO;
				ENABLE_STRICT_OBJC_MSGSEND = YES;
				GCC_C_LANGUAGE_STANDARD = gnu11;
				GCC_NO_COMMON_BLOCKS = YES;
				GCC_WARN_64_TO_32_BIT_CONVERSION = YES;
				GCC_WARN_ABOUT_RETURN_TYPE = YES_ERROR;
				GCC_WARN_UNDECLARED_SELECTOR = YES;
				GCC_WARN_UNINITIALIZED_AUTOS = YES_AGGRESSIVE;
				GCC_WARN_UNUSED_FUNCTION = YES;
				GCC_WARN_UNUSED_VARIABLE = YES;
				IPHONEOS_DEPLOYMENT_TARGET = 14.3;
				MTL_ENABLE_DEBUG_INFO = NO;
				MTL_FAST_MATH = YES;
				SDKROOT = iphoneos;
				SWIFT_COMPILATION_MODE = wholemodule;
				SWIFT_OPTIMIZATION_LEVEL = "-O";
				VALIDATE_PRODUCT = YES;
			};
			name = Release;
		};
		DE38FACB25C4D83600CD8C0E /* Debug */ = {
			isa = XCBuildConfiguration;
			buildSettings = {
				ASSETCATALOG_COMPILER_APPICON_NAME = AppIcon;
				ASSETCATALOG_COMPILER_GLOBAL_ACCENT_COLOR_NAME = AccentColor;
				CODE_SIGN_STYLE = Automatic;
				DEVELOPMENT_ASSET_PATHS = "\"SwiftUIAD/Preview Content\"";
				DEVELOPMENT_TEAM = 99SW8E36CT;
				ENABLE_PREVIEWS = YES;
				INFOPLIST_FILE = SwiftUIAD/Info.plist;
				LD_RUNPATH_SEARCH_PATHS = (
					"$(inherited)",
					"@executable_path/Frameworks",
				);
				PRODUCT_BUNDLE_IDENTIFIER = com.onesignal.example.SwiftUIAD;
				PRODUCT_NAME = "$(TARGET_NAME)";
				SWIFT_VERSION = 5.0;
				TARGETED_DEVICE_FAMILY = "1,2";
			};
			name = Debug;
		};
		DE38FACC25C4D83600CD8C0E /* Release */ = {
			isa = XCBuildConfiguration;
			buildSettings = {
				ASSETCATALOG_COMPILER_APPICON_NAME = AppIcon;
				ASSETCATALOG_COMPILER_GLOBAL_ACCENT_COLOR_NAME = AccentColor;
				CODE_SIGN_STYLE = Automatic;
				DEVELOPMENT_ASSET_PATHS = "\"SwiftUIAD/Preview Content\"";
				DEVELOPMENT_TEAM = 99SW8E36CT;
				ENABLE_PREVIEWS = YES;
				INFOPLIST_FILE = SwiftUIAD/Info.plist;
				LD_RUNPATH_SEARCH_PATHS = (
					"$(inherited)",
					"@executable_path/Frameworks",
				);
				PRODUCT_BUNDLE_IDENTIFIER = com.onesignal.example.SwiftUIAD;
				PRODUCT_NAME = "$(TARGET_NAME)";
				SWIFT_VERSION = 5.0;
				TARGETED_DEVICE_FAMILY = "1,2";
			};
			name = Release;
		};
/* End XCBuildConfiguration section */

/* Begin XCConfigurationList section */
		DE38FAB125C4D83600CD8C0E /* Build configuration list for PBXProject "SwiftUIAD" */ = {
			isa = XCConfigurationList;
			buildConfigurations = (
				DE38FAC825C4D83600CD8C0E /* Debug */,
				DE38FAC925C4D83600CD8C0E /* Release */,
			);
			defaultConfigurationIsVisible = 0;
			defaultConfigurationName = Release;
		};
		DE38FACA25C4D83600CD8C0E /* Build configuration list for PBXNativeTarget "SwiftUIAD" */ = {
			isa = XCConfigurationList;
			buildConfigurations = (
				DE38FACB25C4D83600CD8C0E /* Debug */,
				DE38FACC25C4D83600CD8C0E /* Release */,
			);
			defaultConfigurationIsVisible = 0;
			defaultConfigurationName = Release;
		};
/* End XCConfigurationList section */
	};
	rootObject = DE38FAAE25C4D83600CD8C0E /* Project object */;
}
